
Microsoft Visual Studio Solution File, Format Version 12.00
# Visual Studio Version 17
VisualStudioVersion = 17.14.36811.4 d17.14
MinimumVisualStudioVersion = 10.0.40219.1
Project("{FAE04EC0-301F-11D3-BF4B-00C04F79EFBC}") = "QuranViewer", "QuranViewer.csproj", "{69250340-3AAB-4709-BD7D-540B59E0ADBB}"
EndProject
Global
	GlobalSection(SolutionConfigurationPlatforms) = preSolution
		Debug|Any CPU = Debug|Any CPU
		Release|Any CPU = Release|Any CPU
	EndGlobalSection
	GlobalSection(ProjectConfigurationPlatforms) = postSolution
		{69250340-3AAB-4709-BD7D-540B59E0ADBB}.Debug|Any CPU.ActiveCfg = Debug|Any CPU
		{69250340-3AAB-4709-BD7D-540B59E0ADBB}.Debug|Any CPU.Build.0 = Debug|Any CPU
		{69250340-3AAB-4709-BD7D-540B59E0ADBB}.Release|Any CPU.ActiveCfg = Release|Any CPU
		{69250340-3AAB-4709-BD7D-540B59E0ADBB}.Release|Any CPU.Build.0 = Release|Any CPU
	EndGlobalSection
	GlobalSection(SolutionProperties) = preSolution
		HideSolutionNode = FALSE
	EndGlobalSection
	GlobalSection(ExtensibilityGlobals) = postSolution
		SolutionGuid = {7B31031A-14E8-4FD5-B0F0-75CAAF8C20CB}
	EndGlobalSection
EndGlobal
